
Microsoft Visual Studio Solution File, Format Version 12.00
# Visual Studio 15
VisualStudioVersion = 15.0.28307.645
MinimumVisualStudioVersion = 10.0.40219.1
Project("{FAE04EC0-301F-11D3-BF4B-00C04F79EFBC}") = "Final_Project_B", "Final_Project_B\Final_Project_B.csproj", "{70511E72-69F2-42A8-9338-B6147566BEAC}"
EndProject
Global
	GlobalSection(SolutionConfigurationPlatforms) = preSolution
		Debug|Any CPU = Debug|Any CPU
		Release|Any CPU = Release|Any CPU
	EndGlobalSection
	GlobalSection(ProjectConfigurationPlatforms) = postSolution
		{70511E72-69F2-42A8-9338-B6147566BEAC}.Debug|Any CPU.ActiveCfg = Debug|Any CPU
		{70511E72-69F2-42A8-9338-B6147566BEAC}.Debug|Any CPU.Build.0 = Debug|Any CPU
		{70511E72-69F2-42A8-9338-B6147566BEAC}.Release|Any CPU.ActiveCfg = Release|Any CPU
		{70511E72-69F2-42A8-9338-B6147566BEAC}.Release|Any CPU.Build.0 = Release|Any CPU
	EndGlobalSection
	GlobalSection(SolutionProperties) = preSolution
		HideSolutionNode = FALSE
	EndGlobalSection
	GlobalSection(ExtensibilityGlobals) = postSolution
		SolutionGuid = {9000F831-72CA-4ECC-AFAD-3C165689537D}
	EndGlobalSection
EndGlobal
